
Microsoft Visual Studio Solution File, Format Version 12.00
# Visual Studio Version 17
VisualStudioVersion = 17.9.34728.123
MinimumVisualStudioVersion = 10.0.40219.1
Project("{FAE04EC0-301F-11D3-BF4B-00C04F79EFBC}") = "DatabaseFirst", "DatabaseFirst\DatabaseFirst.csproj", "{AE35E3D2-6966-41A1-AE11-0849D4FAA0BF}"
EndProject
Global
	GlobalSection(SolutionConfigurationPlatforms) = preSolution
		Debug|Any CPU = Debug|Any CPU
		Release|Any CPU = Release|Any CPU
	EndGlobalSection
	GlobalSection(ProjectConfigurationPlatforms) = postSolution
		{AE35E3D2-6966-41A1-AE11-0849D4FAA0BF}.Debug|Any CPU.ActiveCfg = Debug|Any CPU
		{AE35E3D2-6966-41A1-AE11-0849D4FAA0BF}.Debug|Any CPU.Build.0 = Debug|Any CPU
		{AE35E3D2-6966-41A1-AE11-0849D4FAA0BF}.Release|Any CPU.ActiveCfg = Release|Any CPU
		{AE35E3D2-6966-41A1-AE11-0849D4FAA0BF}.Release|Any CPU.Build.0 = Release|Any CPU
	EndGlobalSection
	GlobalSection(SolutionProperties) = preSolution
		HideSolutionNode = FALSE
	EndGlobalSection
	GlobalSection(ExtensibilityGlobals) = postSolution
		SolutionGuid = {7813344E-01B0-44B2-A4DD-9DBC4EBAC1C0}
	EndGlobalSection
EndGlobal
